
Microsoft Visual Studio Solution File, Format Version 12.00
# Visual Studio Version 17
VisualStudioVersion = 17.0.31903.59
MinimumVisualStudioVersion = 10.0.40219.1
Project("{FAE04EC0-301F-11D3-BF4B-00C04F79EFBC}") = "TestPWA", "TestPWA\TestPWA.csproj", "{751F0D90-48CA-4886-8724-4E4E5684B778}"
EndProject
Global
	GlobalSection(SolutionConfigurationPlatforms) = preSolution
		Debug|Any CPU = Debug|Any CPU
		Release|Any CPU = Release|Any CPU
	EndGlobalSection
	GlobalSection(ProjectConfigurationPlatforms) = postSolution
		{751F0D90-48CA-4886-8724-4E4E5684B778}.Debug|Any CPU.ActiveCfg = Debug|Any CPU
		{751F0D90-48CA-4886-8724-4E4E5684B778}.Debug|Any CPU.Build.0 = Debug|Any CPU
		{751F0D90-48CA-4886-8724-4E4E5684B778}.Release|Any CPU.ActiveCfg = Release|Any CPU
		{751F0D90-48CA-4886-8724-4E4E5684B778}.Release|Any CPU.Build.0 = Release|Any CPU
	EndGlobalSection
	GlobalSection(SolutionProperties) = preSolution
		HideSolutionNode = FALSE
	EndGlobalSection
	GlobalSection(ExtensibilityGlobals) = postSolution
		SolutionGuid = {EB4CD9D6-5F88-4FA6-BB00-3BAB5DAE4471}
	EndGlobalSection
EndGlobal
